// !$*UTF8*$!
{
	archiveVersion = 1;
	classes = {
	};
	objectVersion = 77;
	objects = {

/* Begin PBXContainerItemProxy section */
		6CA44A152DD7685600F187FA /* PBXContainerItemProxy */ = {
			isa = PBXContainerItemProxy;
			containerPortal = 6CA449FC2DD7685400F187FA /* Project object */;
			proxyType = 1;
			remoteGlobalIDString = 6CA44A032DD7685400F187FA;
			remoteInfo = HeritageHealth;
		};
		6CA44A1F2DD7685600F187FA /* PBXContainerItemProxy */ = {
			isa = PBXContainerItemProxy;
			containerPortal = 6CA449FC2DD7685400F187FA /* Project object */;
			proxyType = 1;
			remoteGlobalIDString = 6CA44A032DD7685400F187FA;
			remoteInfo = HeritageHealth;
		};
/* End PBXContainerItemProxy section */

/* Begin PBXFileReference section */
		6CA44A042DD7685400F187FA /* HeritageHealth.app */ = {isa = PBXFileReference; explicitFileType = wrapper.application; includeInIndex = 0; path = HeritageHealth.app; sourceTree = BUILT_PRODUCTS_DIR; };
		6CA44A142DD7685600F187FA /* HeritageHealthTests.xctest */ = {isa = PBXFileReference; explicitFileType = wrapper.cfbundle; includeInIndex = 0; path = HeritageHealthTests.xctest; sourceTree = BUILT_PRODUCTS_DIR; };
		6CA44A1E2DD7685600F187FA /* HeritageHealthUITests.xctest */ = {isa = PBXFileReference; explicitFileType = wrapper.cfbundle; includeInIndex = 0; path = HeritageHealthUITests.xctest; sourceTree = BUILT_PRODUCTS_DIR; };
/* End PBXFileReference section */

/* Begin PBXFileSystemSynchronizedRootGroup section */
		6CA44A062DD7685400F187FA /* HeritageHealth */ = {
			isa = PBXFileSystemSynchronizedRootGroup;
			path = HeritageHealth;
			sourceTree = "<group>";
		};
		6CA44A172DD7685600F187FA /* HeritageHealthTests */ = {
			isa = PBXFileSystemSynchronizedRootGroup;
			path = HeritageHealthTests;
			sourceTree = "<group>";
		};
		6CA44A212DD7685600F187FA /* HeritageHealthUITests */ = {
			isa = PBXFileSystemSynchronizedRootGroup;
			path = HeritageHealthUITests;
			sourceTree = "<group>";
		};
/* End PBXFileSystemSynchronizedRootGroup section */

/* Begin PBXFrameworksBuildPhase section */
		6CA44A012DD7685400F187FA /* Frameworks */ = {
			isa = PBXFrameworksBuildPhase;
			buildActionMask = 2147483647;
			files = (
			);
			runOnlyForDeploymentPostprocessing = 0;
		};
		6CA44A112DD7685600F187FA /* Frameworks */ = {
			isa = PBXFrameworksBuildPhase;
			buildActionMask = 2147483647;
			files = (
			);
			runOnlyForDeploymentPostprocessing = 0;
		};
		6CA44A1B2DD7685600F187FA /* Frameworks */ = {
			isa = PBXFrameworksBuildPhase;
			buildActionMask = 2147483647;
			files = (
			);
			runOnlyForDeploymentPostprocessing = 0;
		};
/* End PBXFrameworksBuildPhase section */

/* Begin PBXGroup section */
		6CA449FB2DD7685400F187FA = {
			isa = PBXGroup;
			children = (
				6CA44A062DD7685400F187FA /* HeritageHealth */,
				6CA44A172DD7685600F187FA /* HeritageHealthTests */,
				6CA44A212DD7685600F187FA /* HeritageHealthUITests */,
				6CA44A052DD7685400F187FA /* Products */,
			);
			sourceTree = "<group>";
		};
		6CA44A052DD7685400F187FA /* Products */ = {
			isa = PBXGroup;
			children = (
				6CA44A042DD7685400F187FA /* HeritageHealth.app */,
				6CA44A142DD7685600F187FA /* HeritageHealthTests.xctest */,
				6CA44A1E2DD7685600F187FA /* HeritageHealthUITests.xctest */,
			);
			name = Products;
			sourceTree = "<group>";
		};
/* End PBXGroup section */

/* Begin PBXNativeTarget section */
		6CA44A032DD7685400F187FA /* HeritageHealth */ = {
			isa = PBXNativeTarget;
			buildConfigurationList = 6CA44A282DD7685600F187FA /* Build configuration list for PBXNativeTarget "HeritageHealth" */;
			buildPhases = (
				6CA44A002DD7685400F187FA /* Sources */,
				6CA44A012DD7685400F187FA /* Frameworks */,
				6CA44A022DD7685400F187FA /* Resources */,
			);
			buildRules = (
			);
			dependencies = (
			);
			fileSystemSynchronizedGroups = (
				6CA44A062DD7685400F187FA /* HeritageHealth */,
			);
			name = HeritageHealth;
			packageProductDependencies = (
			);
			productName = HeritageHealth;
			productReference = 6CA44A042DD7685400F187FA /* HeritageHealth.app */;
			productType = "com.apple.product-type.application";
		};
		6CA44A132DD7685600F187FA /* HeritageHealthTests */ = {
			isa = PBXNativeTarget;
			buildConfigurationList = 6CA44A2B2DD7685600F187FA /* Build configuration list for PBXNativeTarget "HeritageHealthTests" */;
			buildPhases = (
				6CA44A102DD7685600F187FA /* Sources */,
				6CA44A112DD7685600F187FA /* Frameworks */,
				6CA44A122DD7685600F187FA /* Resources */,
			);
			buildRules = (
			);
			dependencies = (
				6CA44A162DD7685600F187FA /* PBXTargetDependency */,
			);
			fileSystemSynchronizedGroups = (
				6CA44A172DD7685600F187FA /* HeritageHealthTests */,
			);
			name = HeritageHealthTests;
			packageProductDependencies = (
			);
			productName = HeritageHealthTests;
			productReference = 6CA44A142DD7685600F187FA /* HeritageHealthTests.xctest */;
			productType = "com.apple.product-type.bundle.unit-test";
		};
		6CA44A1D2DD7685600F187FA /* HeritageHealthUITests */ = {
			isa = PBXNativeTarget;
			buildConfigurationList = 6CA44A2E2DD7685600F187FA /* Build configuration list for PBXNativeTarget "HeritageHealthUITests" */;
			buildPhases = (
				6CA44A1A2DD7685600F187FA /* Sources */,
				6CA44A1B2DD7685600F187FA /* Frameworks */,
				6CA44A1C2DD7685600F187FA /* Resources */,
			);
			buildRules = (
			);
			dependencies = (
				6CA44A202DD7685600F187FA /* PBXTargetDependency */,
			);
			fileSystemSynchronizedGroups = (
				6CA44A212DD7685600F187FA /* HeritageHealthUITests */,
			);
			name = HeritageHealthUITests;
			packageProductDependencies = (
			);
			productName = HeritageHealthUITests;
			productReference = 6CA44A1E2DD7685600F187FA /* HeritageHealthUITests.xctest */;
			productType = "com.apple.product-type.bundle.ui-testing";
		};
/* End PBXNativeTarget section */

/* Begin PBXProject section */
		6CA449FC2DD7685400F187FA /* Project object */ = {
			isa = PBXProject;
			attributes = {
				BuildIndependentTargetsInParallel = 1;
				LastSwiftUpdateCheck = 1620;
				LastUpgradeCheck = 1620;
				TargetAttributes = {
					6CA44A032DD7685400F187FA = {
						CreatedOnToolsVersion = 16.2;
					};
					6CA44A132DD7685600F187FA = {
						CreatedOnToolsVersion = 16.2;
						TestTargetID = 6CA44A032DD7685400F187FA;
					};
					6CA44A1D2DD7685600F187FA = {
						CreatedOnToolsVersion = 16.2;
						TestTargetID = 6CA44A032DD7685400F187FA;
					};
				};
			};
			buildConfigurationList = 6CA449FF2DD7685400F187FA /* Build configuration list for PBXProject "HeritageHealth" */;
			developmentRegion = en;
			hasScannedForEncodings = 0;
			knownRegions = (
				en,
				Base,
			);
			mainGroup = 6CA449FB2DD7685400F187FA;
			minimizedProjectReferenceProxies = 1;
			preferredProjectObjectVersion = 77;
			productRefGroup = 6CA44A052DD7685400F187FA /* Products */;
			projectDirPath = "";
			projectRoot = "";
			targets = (
				6CA44A032DD7685400F187FA /* HeritageHealth */,
				6CA44A132DD7685600F187FA /* HeritageHealthTests */,
				6CA44A1D2DD7685600F187FA /* HeritageHealthUITests */,
			);
		};
/* End PBXProject section */

/* Begin PBXResourcesBuildPhase section */
		6CA44A022DD7685400F187FA /* Resources */ = {
			isa = PBXResourcesBuildPhase;
			buildActionMask = 2147483647;
			files = (
			);
			runOnlyForDeploymentPostprocessing = 0;
		};
		6CA44A122DD7685600F187FA /* Resources */ = {
			isa = PBXResourcesBuildPhase;
			buildActionMask = 2147483647;
			files = (
			);
			runOnlyForDeploymentPostprocessing = 0;
		};
		6CA44A1C2DD7685600F187FA /* Resources */ = {
			isa = PBXResourcesBuildPhase;
			buildActionMask = 2147483647;
			files = (
			);
			runOnlyForDeploymentPostprocessing = 0;
		};
/* End PBXResourcesBuildPhase section */

/* Begin PBXSourcesBuildPhase section */
		6CA44A002DD7685400F187FA /* Sources */ = {
			isa = PBXSourcesBuildPhase;
			buildActionMask = 2147483647;
			files = (
			);
			runOnlyForDeploymentPostprocessing = 0;
		};
		6CA44A102DD7685600F187FA /* Sources */ = {
			isa = PBXSourcesBuildPhase;
			buildActionMask = 2147483647;
			files = (
			);
			runOnlyForDeploymentPostprocessing = 0;
		};
		6CA44A1A2DD7685600F187FA /* Sources */ = {
			isa = PBXSourcesBuildPhase;
			buildActionMask = 2147483647;
			files = (
			);
			runOnlyForDeploymentPostprocessing = 0;
		};
/* End PBXSourcesBuildPhase section */

/* Begin PBXTargetDependency section */
		6CA44A162DD7685600F187FA /* PBXTargetDependency */ = {
			isa = PBXTargetDependency;
			target = 6CA44A032DD7685400F187FA /* HeritageHealth */;
			targetProxy = 6CA44A152DD7685600F187FA /* PBXContainerItemProxy */;
		};
		6CA44A202DD7685600F187FA /* PBXTargetDependency */ = {
			isa = PBXTargetDependency;
			target = 6CA44A032DD7685400F187FA /* HeritageHealth */;
			targetProxy = 6CA44A1F2DD7685600F187FA /* PBXContainerItemProxy */;
		};
/* End PBXTargetDependency section */

/* Begin XCBuildConfiguration section */
		6CA44A262DD7685600F187FA /* Debug */ = {
			isa = XCBuildConfiguration;
			buildSettings = {
				ALWAYS_SEARCH_USER_PATHS = NO;
				ASSETCATALOG_COMPILER_GENERATE_SWIFT_ASSET_SYMBOL_EXTENSIONS = YES;
				CLANG_ANALYZER_NONNULL = YES;
				CLANG_ANALYZER_NUMBER_OBJECT_CONVERSION = YES_AGGRESSIVE;
				CLANG_CXX_LANGUAGE_STANDARD = "gnu++20";
				CLANG_ENABLE_MODULES = YES;
				CLANG_ENABLE_OBJC_ARC = YES;
				CLANG_ENABLE_OBJC_WEAK = YES;
				CLANG_WARN_BLOCK_CAPTURE_AUTORELEASING = YES;
				CLANG_WARN_BOOL_CONVERSION = YES;
				CLANG_WARN_COMMA = YES;
				CLANG_WARN_CONSTANT_CONVERSION = YES;
				CLANG_WARN_DEPRECATED_OBJC_IMPLEMENTATIONS = YES;
				CLANG_WARN_DIRECT_OBJC_ISA_USAGE = YES_ERROR;
				CLANG_WARN_DOCUMENTATION_COMMENTS = YES;
				CLANG_WARN_EMPTY_BODY = YES;
				CLANG_WARN_ENUM_CONVERSION = YES;
				CLANG_WARN_INFINITE_RECURSION = YES;
				CLANG_WARN_INT_CONVERSION = YES;
				CLANG_WARN_NON_LITERAL_NULL_CONVERSION = YES;
				CLANG_WARN_OBJC_IMPLICIT_RETAIN_SELF = YES;
				CLANG_WARN_OBJC_LITERAL_CONVERSION = YES;
				CLANG_WARN_OBJC_ROOT_CLASS = YES_ERROR;
				CLANG_WARN_QUOTED_INCLUDE_IN_FRAMEWORK_HEADER = YES;
				CLANG_WARN_RANGE_LOOP_ANALYSIS = YES;
				CLANG_WARN_STRICT_PROTOTYPES = YES;
				CLANG_WARN_SUSPICIOUS_MOVE = YES;
				CLANG_WARN_UNGUARDED_AVAILABILITY = YES_AGGRESSIVE;
				CLANG_WARN_UNREACHABLE_CODE = YES;
				CLANG_WARN__DUPLICATE_METHOD_MATCH = YES;
				COPY_PHASE_STRIP = NO;
				DEBUG_INFORMATION_FORMAT = dwarf;
				ENABLE_STRICT_OBJC_MSGSEND = YES;
				ENABLE_TESTABILITY = YES;
				ENABLE_USER_SCRIPT_SANDBOXING = YES;
				GCC_C_LANGUAGE_STANDARD = gnu17;
				GCC_DYNAMIC_NO_PIC = NO;
				GCC_NO_COMMON_BLOCKS = YES;
				GCC_OPTIMIZATION_LEVEL = 0;
				GCC_PREPROCESSOR_DEFINITIONS = (
					"DEBUG=1",
					"$(inherited)",
				);
				GCC_WARN_64_TO_32_BIT_CONVERSION = YES;
				GCC_WARN_ABOUT_RETURN_TYPE = YES_ERROR;
				GCC_WARN_UNDECLARED_SELECTOR = YES;
				GCC_WARN_UNINITIALIZED_AUTOS = YES_AGGRESSIVE;
				GCC_WARN_UNUSED_FUNCTION = YES;
				GCC_WARN_UNUSED_VARIABLE = YES;
				IPHONEOS_DEPLOYMENT_TARGET = 18.2;
				LOCALIZATION_PREFERS_STRING_CATALOGS = YES;
				MTL_ENABLE_DEBUG_INFO = INCLUDE_SOURCE;
				MTL_FAST_MATH = YES;
				ONLY_ACTIVE_ARCH = YES;
				SDKROOT = iphoneos;
				SWIFT_ACTIVE_COMPILATION_CONDITIONS = "DEBUG $(inherited)";
				SWIFT_OPTIMIZATION_LEVEL = "-Onone";
			};
			name = Debug;
		};
		6CA44A272DD7685600F187FA /* Release */ = {
			isa = XCBuildConfiguration;
			buildSettings = {
				ALWAYS_SEARCH_USER_PATHS = NO;
				ASSETCATALOG_COMPILER_GENERATE_SWIFT_ASSET_SYMBOL_EXTENSIONS = YES;
				CLANG_ANALYZER_NONNULL = YES;
				CLANG_ANALYZER_NUMBER_OBJECT_CONVERSION = YES_AGGRESSIVE;
				CLANG_CXX_LANGUAGE_STANDARD = "gnu++20";
				CLANG_ENABLE_MODULES = YES;
				CLANG_ENABLE_OBJC_ARC = YES;
				CLANG_ENABLE_OBJC_WEAK = YES;
				CLANG_WARN_BLOCK_CAPTURE_AUTORELEASING = YES;
				CLANG_WARN_BOOL_CONVERSION = YES;
				CLANG_WARN_COMMA = YES;
				CLANG_WARN_CONSTANT_CONVERSION = YES;
				CLANG_WARN_DEPRECATED_OBJC_IMPLEMENTATIONS = YES;
				CLANG_WARN_DIRECT_OBJC_ISA_USAGE = YES_ERROR;
				CLANG_WARN_DOCUMENTATION_COMMENTS = YES;
				CLANG_WARN_EMPTY_BODY = YES;
				CLANG_WARN_ENUM_CONVERSION = YES;
				CLANG_WARN_INFINITE_RECURSION = YES;
				CLANG_WARN_INT_CONVERSION = YES;
				CLANG_WARN_NON_LITERAL_NULL_CONVERSION = YES;
				CLANG_WARN_OBJC_IMPLICIT_RETAIN_SELF = YES;
				CLANG_WARN_OBJC_LITERAL_CONVERSION = YES;
				CLANG_WARN_OBJC_ROOT_CLASS = YES_ERROR;
				CLANG_WARN_QUOTED_INCLUDE_IN_FRAMEWORK_HEADER = YES;
				CLANG_WARN_RANGE_LOOP_ANALYSIS = YES;
				CLANG_WARN_STRICT_PROTOTYPES = YES;
				CLANG_WARN_SUSPICIOUS_MOVE = YES;
				CLANG_WARN_UNGUARDED_AVAILABILITY = YES_AGGRESSIVE;
				CLANG_WARN_UNREACHABLE_CODE = YES;
				CLANG_WARN__DUPLICATE_METHOD_MATCH = YES;
				COPY_PHASE_STRIP = NO;
				DEBUG_INFORMATION_FORMAT = "dwarf-with-dsym";
				ENABLE_NS_ASSERTIONS = NO;
				ENABLE_STRICT_OBJC_MSGSEND = YES;
				ENABLE_USER_SCRIPT_SANDBOXING = YES;
				GCC_C_LANGUAGE_STANDARD = gnu17;
				GCC_NO_COMMON_BLOCKS = YES;
				GCC_WARN_64_TO_32_BIT_CONVERSION = YES;
				GCC_WARN_ABOUT_RETURN_TYPE = YES_ERROR;
				GCC_WARN_UNDECLARED_SELECTOR = YES;
				GCC_WARN_UNINITIALIZED_AUTOS = YES_AGGRESSIVE;
				GCC_WARN_UNUSED_FUNCTION = YES;
				GCC_WARN_UNUSED_VARIABLE = YES;
				IPHONEOS_DEPLOYMENT_TARGET = 18.2;
				LOCALIZATION_PREFERS_STRING_CATALOGS = YES;
				MTL_ENABLE_DEBUG_INFO = NO;
				MTL_FAST_MATH = YES;
				SDKROOT = iphoneos;
				SWIFT_COMPILATION_MODE = wholemodule;
				VALIDATE_PRODUCT = YES;
			};
			name = Release;
		};
		6CA44A292DD7685600F187FA /* Debug */ = {
			isa = XCBuildConfiguration;
			buildSettings = {
				ASSETCATALOG_COMPILER_APPICON_NAME = AppIcon;
				ASSETCATALOG_COMPILER_GLOBAL_ACCENT_COLOR_NAME = AccentColor;
				CODE_SIGN_STYLE = Automatic;
				CURRENT_PROJECT_VERSION = 1;
				DEVELOPMENT_ASSET_PATHS = "\"HeritageHealth/Preview Content\"";
				DEVELOPMENT_TEAM = S7953YDCV2;
				ENABLE_PREVIEWS = YES;
				GENERATE_INFOPLIST_FILE = YES;
				INFOPLIST_KEY_UIApplicationSceneManifest_Generation = YES;
				INFOPLIST_KEY_UIApplicationSupportsIndirectInputEvents = YES;
				INFOPLIST_KEY_UILaunchScreen_Generation = YES;
				INFOPLIST_KEY_UISupportedInterfaceOrientations_iPad = "UIInterfaceOrientationPortrait UIInterfaceOrientationPortraitUpsideDown UIInterfaceOrientationLandscapeLeft UIInterfaceOrientationLandscapeRight";
				INFOPLIST_KEY_UISupportedInterfaceOrientations_iPhone = "UIInterfaceOrientationPortrait UIInterfaceOrientationLandscapeLeft UIInterfaceOrientationLandscapeRight";
				LD_RUNPATH_SEARCH_PATHS = (
					"$(inherited)",
					"@executable_path/Frameworks",
				);
				MARKETING_VERSION = 1.0;
				PRODUCT_BUNDLE_IDENTIFIER = COLEY.HeritageHealth;
				PRODUCT_NAME = "$(TARGET_NAME)";
				SWIFT_EMIT_LOC_STRINGS = YES;
				SWIFT_VERSION = 5.0;
				TARGETED_DEVICE_FAMILY = "1,2";
			};
			name = Debug;
		};
		6CA44A2A2DD7685600F187FA /* Release */ = {
			isa = XCBuildConfiguration;
			buildSettings = {
				ASSETCATALOG_COMPILER_APPICON_NAME = AppIcon;
				ASSETCATALOG_COMPILER_GLOBAL_ACCENT_COLOR_NAME = AccentColor;
				CODE_SIGN_STYLE = Automatic;
				CURRENT_PROJECT_VERSION = 1;
				DEVELOPMENT_ASSET_PATHS = "\"HeritageHealth/Preview Content\"";
				DEVELOPMENT_TEAM = S7953YDCV2;
				ENABLE_PREVIEWS = YES;
				GENERATE_INFOPLIST_FILE = YES;
				INFOPLIST_KEY_UIApplicationSceneManifest_Generation = YES;
				INFOPLIST_KEY_UIApplicationSupportsIndirectInputEvents = YES;
				INFOPLIST_KEY_UILaunchScreen_Generation = YES;
				INFOPLIST_KEY_UISupportedInterfaceOrientations_iPad = "UIInterfaceOrientationPortrait UIInterfaceOrientationPortraitUpsideDown UIInterfaceOrientationLandscapeLeft UIInterfaceOrientationLandscapeRight";
				INFOPLIST_KEY_UISupportedInterfaceOrientations_iPhone = "UIInterfaceOrientationPortrait UIInterfaceOrientationLandscapeLeft UIInterfaceOrientationLandscapeRight";
				LD_RUNPATH_SEARCH_PATHS = (
					"$(inherited)",
					"@executable_path/Frameworks",
				);
				MARKETING_VERSION = 1.0;
				PRODUCT_BUNDLE_IDENTIFIER = COLEY.HeritageHealth;
				PRODUCT_NAME = "$(TARGET_NAME)";
				SWIFT_EMIT_LOC_STRINGS = YES;
				SWIFT_VERSION = 5.0;
				TARGETED_DEVICE_FAMILY = "1,2";
			};
			name = Release;
		};
		6CA44A2C2DD7685600F187FA /* Debug */ = {
			isa = XCBuildConfiguration;
			buildSettings = {
				BUNDLE_LOADER = "$(TEST_HOST)";
				CODE_SIGN_STYLE = Automatic;
				CURRENT_PROJECT_VERSION = 1;
				DEVELOPMENT_TEAM = S7953YDCV2;
				GENERATE_INFOPLIST_FILE = YES;
				IPHONEOS_DEPLOYMENT_TARGET = 18.2;
				MARKETING_VERSION = 1.0;
				PRODUCT_BUNDLE_IDENTIFIER = COLEY.HeritageHealthTests;
				PRODUCT_NAME = "$(TARGET_NAME)";
				SWIFT_EMIT_LOC_STRINGS = NO;
				SWIFT_VERSION = 5.0;
				TARGETED_DEVICE_FAMILY = "1,2";
				TEST_HOST = "$(BUILT_PRODUCTS_DIR)/HeritageHealth.app/$(BUNDLE_EXECUTABLE_FOLDER_PATH)/HeritageHealth";
			};
			name = Debug;
		};
		6CA44A2D2DD7685600F187FA /* Release */ = {
			isa = XCBuildConfiguration;
			buildSettings = {
				BUNDLE_LOADER = "$(TEST_HOST)";
				CODE_SIGN_STYLE = Automatic;
				CURRENT_PROJECT_VERSION = 1;
				DEVELOPMENT_TEAM = S7953YDCV2;
				GENERATE_INFOPLIST_FILE = YES;
				IPHONEOS_DEPLOYMENT_TARGET = 18.2;
				MARKETING_VERSION = 1.0;
				PRODUCT_BUNDLE_IDENTIFIER = COLEY.HeritageHealthTests;
				PRODUCT_NAME = "$(TARGET_NAME)";
				SWIFT_EMIT_LOC_STRINGS = NO;
				SWIFT_VERSION = 5.0;
				TARGETED_DEVICE_FAMILY = "1,2";
				TEST_HOST = "$(BUILT_PRODUCTS_DIR)/HeritageHealth.app/$(BUNDLE_EXECUTABLE_FOLDER_PATH)/HeritageHealth";
			};
			name = Release;
		};
		6CA44A2F2DD7685600F187FA /* Debug */ = {
			isa = XCBuildConfiguration;
			buildSettings = {
				CODE_SIGN_STYLE = Automatic;
				CURRENT_PROJECT_VERSION = 1;
				DEVELOPMENT_TEAM = S7953YDCV2;
				GENERATE_INFOPLIST_FILE = YES;
				MARKETING_VERSION = 1.0;
				PRODUCT_BUNDLE_IDENTIFIER = COLEY.HeritageHealthUITests;
				PRODUCT_NAME = "$(TARGET_NAME)";
				SWIFT_EMIT_LOC_STRINGS = NO;
				SWIFT_VERSION = 5.0;
				TARGETED_DEVICE_FAMILY = "1,2";
				TEST_TARGET_NAME = HeritageHealth;
			};
			name = Debug;
		};
		6CA44A302DD7685600F187FA /* Release */ = {
			isa = XCBuildConfiguration;
			buildSettings = {
				CODE_SIGN_STYLE = Automatic;
				CURRENT_PROJECT_VERSION = 1;
				DEVELOPMENT_TEAM = S7953YDCV2;
				GENERATE_INFOPLIST_FILE = YES;
				MARKETING_VERSION = 1.0;
				PRODUCT_BUNDLE_IDENTIFIER = COLEY.HeritageHealthUITests;
				PRODUCT_NAME = "$(TARGET_NAME)";
				SWIFT_EMIT_LOC_STRINGS = NO;
				SWIFT_VERSION = 5.0;
				TARGETED_DEVICE_FAMILY = "1,2";
				TEST_TARGET_NAME = HeritageHealth;
			};
			name = Release;
		};
/* End XCBuildConfiguration section */

/* Begin XCConfigurationList section */
		6CA449FF2DD7685400F187FA /* Build configuration list for PBXProject "HeritageHealth" */ = {
			isa = XCConfigurationList;
			buildConfigurations = (
				6CA44A262DD7685600F187FA /* Debug */,
				6CA44A272DD7685600F187FA /* Release */,
			);
			defaultConfigurationIsVisible = 0;
			defaultConfigurationName = Release;
		};
		6CA44A282DD7685600F187FA /* Build configuration list for PBXNativeTarget "HeritageHealth" */ = {
			isa = XCConfigurationList;
			buildConfigurations = (
				6CA44A292DD7685600F187FA /* Debug */,
				6CA44A2A2DD7685600F187FA /* Release */,
			);
			defaultConfigurationIsVisible = 0;
			defaultConfigurationName = Release;
		};
		6CA44A2B2DD7685600F187FA /* Build configuration list for PBXNativeTarget "HeritageHealthTests" */ = {
			isa = XCConfigurationList;
			buildConfigurations = (
				6CA44A2C2DD7685600F187FA /* Debug */,
				6CA44A2D2DD7685600F187FA /* Release */,
			);
			defaultConfigurationIsVisible = 0;
			defaultConfigurationName = Release;
		};
		6CA44A2E2DD7685600F187FA /* Build configuration list for PBXNativeTarget "HeritageHealthUITests" */ = {
			isa = XCConfigurationList;
			buildConfigurations = (
				6CA44A2F2DD7685600F187FA /* Debug */,
				6CA44A302DD7685600F187FA /* Release */,
			);
			defaultConfigurationIsVisible = 0;
			defaultConfigurationName = Release;
		};
/* End XCConfigurationList section */
	};
	rootObject = 6CA449FC2DD7685400F187FA /* Project object */;
}
